
Microsoft Visual Studio Solution File, Format Version 12.00
# Visual Studio Version 17
VisualStudioVersion = 17.11.35208.52
MinimumVisualStudioVersion = 10.0.40219.1
Project("{9A19103F-16F7-4668-BE54-9A1E7A4F7556}") = "PRN212", "PRN212\PRN212.csproj", "{3B06AF38-A104-4573-98E2-FDC3CA3E5546}"
EndProject
Project("{FAE04EC0-301F-11D3-BF4B-00C04F79EFBC}") = "PRN212.BLL", "PRN212.BLL\PRN212.BLL.csproj", "{B142919F-270D-4AEF-A778-8FA11B220389}"
EndProject
Project("{FAE04EC0-301F-11D3-BF4B-00C04F79EFBC}") = "PRN212.DAL", "PRN212.DAL\PRN212.DAL.csproj", "{9945BA0A-306C-442F-B7F4-34B286FAA03E}"
EndProject
Global
	GlobalSection(SolutionConfigurationPlatforms) = preSolution
		Debug|Any CPU = Debug|Any CPU
		Release|Any CPU = Release|Any CPU
	EndGlobalSection
	GlobalSection(ProjectConfigurationPlatforms) = postSolution
		{3B06AF38-A104-4573-98E2-FDC3CA3E5546}.Debug|Any CPU.ActiveCfg = Debug|Any CPU
		{3B06AF38-A104-4573-98E2-FDC3CA3E5546}.Debug|Any CPU.Build.0 = Debug|Any CPU
		{3B06AF38-A104-4573-98E2-FDC3CA3E5546}.Release|Any CPU.ActiveCfg = Release|Any CPU
		{3B06AF38-A104-4573-98E2-FDC3CA3E5546}.Release|Any CPU.Build.0 = Release|Any CPU
		{B142919F-270D-4AEF-A778-8FA11B220389}.Debug|Any CPU.ActiveCfg = Debug|Any CPU
		{B142919F-270D-4AEF-A778-8FA11B220389}.Debug|Any CPU.Build.0 = Debug|Any CPU
		{B142919F-270D-4AEF-A778-8FA11B220389}.Release|Any CPU.ActiveCfg = Release|Any CPU
		{B142919F-270D-4AEF-A778-8FA11B220389}.Release|Any CPU.Build.0 = Release|Any CPU
		{9945BA0A-306C-442F-B7F4-34B286FAA03E}.Debug|Any CPU.ActiveCfg = Debug|Any CPU
		{9945BA0A-306C-442F-B7F4-34B286FAA03E}.Debug|Any CPU.Build.0 = Debug|Any CPU
		{9945BA0A-306C-442F-B7F4-34B286FAA03E}.Release|Any CPU.ActiveCfg = Release|Any CPU
		{9945BA0A-306C-442F-B7F4-34B286FAA03E}.Release|Any CPU.Build.0 = Release|Any CPU
	EndGlobalSection
	GlobalSection(SolutionProperties) = preSolution
		HideSolutionNode = FALSE
	EndGlobalSection
	GlobalSection(ExtensibilityGlobals) = postSolution
		SolutionGuid = {04B40BF4-9ACB-41CC-866F-F8B06BE33370}
	EndGlobalSection
EndGlobal
